
Microsoft Visual Studio Solution File, Format Version 12.00
# Visual Studio Version 17
VisualStudioVersion = 17.11.35312.102
MinimumVisualStudioVersion = 10.0.40219.1
Project("{9A19103F-16F7-4668-BE54-9A1E7A4F7556}") = "WEA_BE", "WEA_BE\WEA_BE.csproj", "{07B172BE-830A-4E3E-893F-B3E77ABF032B}"
EndProject
Project("{FAE04EC0-301F-11D3-BF4B-00C04F79EFBC}") = "EFModels", "EFModels\EFModels.csproj", "{2B33B88E-7CDA-4908-813F-DCEACFF50F6B}"
EndProject
Global
	GlobalSection(SolutionConfigurationPlatforms) = preSolution
		Debug|Any CPU = Debug|Any CPU
		Release|Any CPU = Release|Any CPU
	EndGlobalSection
	GlobalSection(ProjectConfigurationPlatforms) = postSolution
		{07B172BE-830A-4E3E-893F-B3E77ABF032B}.Debug|Any CPU.ActiveCfg = Debug|Any CPU
		{07B172BE-830A-4E3E-893F-B3E77ABF032B}.Debug|Any CPU.Build.0 = Debug|Any CPU
		{07B172BE-830A-4E3E-893F-B3E77ABF032B}.Release|Any CPU.ActiveCfg = Release|Any CPU
		{07B172BE-830A-4E3E-893F-B3E77ABF032B}.Release|Any CPU.Build.0 = Release|Any CPU
		{2B33B88E-7CDA-4908-813F-DCEACFF50F6B}.Debug|Any CPU.ActiveCfg = Debug|Any CPU
		{2B33B88E-7CDA-4908-813F-DCEACFF50F6B}.Debug|Any CPU.Build.0 = Debug|Any CPU
		{2B33B88E-7CDA-4908-813F-DCEACFF50F6B}.Release|Any CPU.ActiveCfg = Release|Any CPU
		{2B33B88E-7CDA-4908-813F-DCEACFF50F6B}.Release|Any CPU.Build.0 = Release|Any CPU
	EndGlobalSection
	GlobalSection(SolutionProperties) = preSolution
		HideSolutionNode = FALSE
	EndGlobalSection
	GlobalSection(ExtensibilityGlobals) = postSolution
		SolutionGuid = {0ACBCC32-FBA4-476A-90CB-1A5024C9DBB0}
	EndGlobalSection
EndGlobal
